
Microsoft Visual Studio Solution File, Format Version 12.00
# Visual Studio Version 17
VisualStudioVersion = 17.13.35931.197 d17.13
MinimumVisualStudioVersion = 10.0.40219.1
Project("{FAE04EC0-301F-11D3-BF4B-00C04F79EFBC}") = "WebApp", "WebApp\WebApp.csproj", "{506EC072-B4A0-4CFC-9063-53AF57E3272A}"
EndProject
Project("{FAE04EC0-301F-11D3-BF4B-00C04F79EFBC}") = "WebApp.test", "WebApp.test\WebApp.test.csproj", "{8BA7E41E-ADFC-441E-941B-BE447DDCC58B}"
EndProject
Global
	GlobalSection(SolutionConfigurationPlatforms) = preSolution
		Debug|Any CPU = Debug|Any CPU
		Release|Any CPU = Release|Any CPU
	EndGlobalSection
	GlobalSection(ProjectConfigurationPlatforms) = postSolution
		{506EC072-B4A0-4CFC-9063-53AF57E3272A}.Debug|Any CPU.ActiveCfg = Debug|Any CPU
		{506EC072-B4A0-4CFC-9063-53AF57E3272A}.Debug|Any CPU.Build.0 = Debug|Any CPU
		{506EC072-B4A0-4CFC-9063-53AF57E3272A}.Release|Any CPU.ActiveCfg = Release|Any CPU
		{506EC072-B4A0-4CFC-9063-53AF57E3272A}.Release|Any CPU.Build.0 = Release|Any CPU
		{8BA7E41E-ADFC-441E-941B-BE447DDCC58B}.Debug|Any CPU.ActiveCfg = Debug|Any CPU
		{8BA7E41E-ADFC-441E-941B-BE447DDCC58B}.Debug|Any CPU.Build.0 = Debug|Any CPU
		{8BA7E41E-ADFC-441E-941B-BE447DDCC58B}.Release|Any CPU.ActiveCfg = Release|Any CPU
		{8BA7E41E-ADFC-441E-941B-BE447DDCC58B}.Release|Any CPU.Build.0 = Release|Any CPU
	EndGlobalSection
	GlobalSection(SolutionProperties) = preSolution
		HideSolutionNode = FALSE
	EndGlobalSection
	GlobalSection(ExtensibilityGlobals) = postSolution
		SolutionGuid = {0280D76F-8233-45F5-993B-AE1DC102708C}
	EndGlobalSection
EndGlobal
